// !$*UTF8*$!
{
	archiveVersion = 1;
	classes = {
	};
	objectVersion = 56;
	objects = {

/* Begin PBXBuildFile section */
		E40B9F2D2BBF33EF0089B500 /* Dinners.xcdatamodeld in Sources */ = {isa = PBXBuildFile; fileRef = E40B9F2B2BBF33EF0089B500 /* Dinners.xcdatamodeld */; };
		E40BCEE32B27F6E300E43CDB /* Extensions.swift in Sources */ = {isa = PBXBuildFile; fileRef = E40BCEE22B27F6E300E43CDB /* Extensions.swift */; };
		E41D5075297DE372003CD008 /* Webservice.swift in Sources */ = {isa = PBXBuildFile; fileRef = E41D5074297DE372003CD008 /* Webservice.swift */; };
		E41D5077297DE959003CD008 /* Household.swift in Sources */ = {isa = PBXBuildFile; fileRef = E41D5076297DE959003CD008 /* Household.swift */; };
		E43634FA2AD5E9BF007F238F /* CloudSharingController.swift in Sources */ = {isa = PBXBuildFile; fileRef = E43634F92AD5E9BF007F238F /* CloudSharingController.swift */; };
		E43634FC2AD6EFCB007F238F /* ShareHelper OLD.swift in Sources */ = {isa = PBXBuildFile; fileRef = E43634FB2AD6EFCB007F238F /* ShareHelper OLD.swift */; };
		E439226E29772E8200CC9E53 /* DinnersApp.swift in Sources */ = {isa = PBXBuildFile; fileRef = E439226D29772E8200CC9E53 /* DinnersApp.swift */; };
		E439227029772E8200CC9E53 /* ContentView.swift in Sources */ = {isa = PBXBuildFile; fileRef = E439226F29772E8200CC9E53 /* ContentView.swift */; };
		E439227229772E8300CC9E53 /* Assets.xcassets in Resources */ = {isa = PBXBuildFile; fileRef = E439227129772E8300CC9E53 /* Assets.xcassets */; };
		E439227629772E8300CC9E53 /* Preview Assets.xcassets in Resources */ = {isa = PBXBuildFile; fileRef = E439227529772E8300CC9E53 /* Preview Assets.xcassets */; };
		E4512F6D2B5587E3003F9B44 /* Vote.swift in Sources */ = {isa = PBXBuildFile; fileRef = E4512F6C2B5587E3003F9B44 /* Vote.swift */; };
		E465A711298307D30058B564 /* RecipeCardView.swift in Sources */ = {isa = PBXBuildFile; fileRef = E465A710298307D30058B564 /* RecipeCardView.swift */; };
		E46CFA552BC59D9100CB8995 /* CannotShare.swift in Sources */ = {isa = PBXBuildFile; fileRef = E46CFA542BC59D9100CB8995 /* CannotShare.swift */; };
		E47071EE2B62F53400683E68 /* TabBarView.swift in Sources */ = {isa = PBXBuildFile; fileRef = E47071ED2B62F53400683E68 /* TabBarView.swift */; };
		E4721EE92BBE052D0081ED36 /* FiltersBar.swift in Sources */ = {isa = PBXBuildFile; fileRef = E4721EE82BBE052D0081ED36 /* FiltersBar.swift */; };
		E4875D802B192CFA00A192CE /* AppStoreManager.swift in Sources */ = {isa = PBXBuildFile; fileRef = E4875D7F2B192CFA00A192CE /* AppStoreManager.swift */; };
		E48CE0AC2B18F47700C296C1 /* Filters.swift in Sources */ = {isa = PBXBuildFile; fileRef = E48CE0AB2B18F47700C296C1 /* Filters.swift */; };
		E4985E5D2AE6F69800495720 /* User DELETE.swift in Sources */ = {isa = PBXBuildFile; fileRef = E4985E5B2AE6F69800495720 /* User DELETE.swift */; };
		E4985E5E2AE6F69800495720 /* User.swift in Sources */ = {isa = PBXBuildFile; fileRef = E4985E5C2AE6F69800495720 /* User.swift */; };
		E49E8410299D88BC003E4E77 /* User OLD.swift in Sources */ = {isa = PBXBuildFile; fileRef = E49E840F299D88BC003E4E77 /* User OLD.swift */; };
		E49E8415299EB02C003E4E77 /* DataController.swift in Sources */ = {isa = PBXBuildFile; fileRef = E49E8414299EB02C003E4E77 /* DataController.swift */; };
		E4A2D0842B616CA2006DA764 /* ShareController.swift in Sources */ = {isa = PBXBuildFile; fileRef = E4A2D0832B616CA2006DA764 /* ShareController.swift */; };
		E4A5040A2BC88B4500E4A81F /* Bugsnag in Frameworks */ = {isa = PBXBuildFile; productRef = E4A504092BC88B4500E4A81F /* Bugsnag */; };
		E4A5040C2BC88B4500E4A81F /* BugsnagNetworkRequestPlugin in Frameworks */ = {isa = PBXBuildFile; productRef = E4A5040B2BC88B4500E4A81F /* BugsnagNetworkRequestPlugin */; };
		E4A5040F2BC88B5C00E4A81F /* BugsnagPerformance in Frameworks */ = {isa = PBXBuildFile; productRef = E4A5040E2BC88B5C00E4A81F /* BugsnagPerformance */; };
		E4A504112BC88B5C00E4A81F /* BugsnagPerformanceSwift in Frameworks */ = {isa = PBXBuildFile; productRef = E4A504102BC88B5C00E4A81F /* BugsnagPerformanceSwift */; };
		E4A504132BC88B5C00E4A81F /* BugsnagPerformanceSwiftUI in Frameworks */ = {isa = PBXBuildFile; productRef = E4A504122BC88B5C00E4A81F /* BugsnagPerformanceSwiftUI */; };
		E4A504152BC8910C00E4A81F /* GoogleService-Info.plist in Resources */ = {isa = PBXBuildFile; fileRef = E4A504142BC8910C00E4A81F /* GoogleService-Info.plist */; };
		E4A504182BC8918200E4A81F /* FirebaseAnalytics in Frameworks */ = {isa = PBXBuildFile; productRef = E4A504172BC8918200E4A81F /* FirebaseAnalytics */; };
		E4A5041A2BC8918200E4A81F /* FirebaseAnalyticsOnDeviceConversion in Frameworks */ = {isa = PBXBuildFile; productRef = E4A504192BC8918200E4A81F /* FirebaseAnalyticsOnDeviceConversion */; };
		E4A5041C2BC8918200E4A81F /* FirebaseAnalyticsSwift in Frameworks */ = {isa = PBXBuildFile; productRef = E4A5041B2BC8918200E4A81F /* FirebaseAnalyticsSwift */; };
		E4A5041E2BC8918200E4A81F /* FirebaseAnalyticsWithoutAdIdSupport in Frameworks */ = {isa = PBXBuildFile; productRef = E4A5041D2BC8918200E4A81F /* FirebaseAnalyticsWithoutAdIdSupport */; };
		E4A504202BC8918200E4A81F /* FirebaseAppCheck in Frameworks */ = {isa = PBXBuildFile; productRef = E4A5041F2BC8918200E4A81F /* FirebaseAppCheck */; };
		E4AB01C12BB5FB65004B115A /* MatchView.swift in Sources */ = {isa = PBXBuildFile; fileRef = E4AB01C02BB5FB65004B115A /* MatchView.swift */; };
		E4AB01C32BBDE27B004B115A /* HapticsHelper.swift in Sources */ = {isa = PBXBuildFile; fileRef = E4AB01C22BBDE27B004B115A /* HapticsHelper.swift */; };
		E4B13FA82BC04B1F00527B38 /* ShareFailed.swift in Sources */ = {isa = PBXBuildFile; fileRef = E4B13FA72BC04B1F00527B38 /* ShareFailed.swift */; };
		E4B2236B2B926BD900F9766C /* Purchase.swift in Sources */ = {isa = PBXBuildFile; fileRef = E4B2236A2B926BD800F9766C /* Purchase.swift */; };
		E4B2236D2B927CDD00F9766C /* FilterManager.swift in Sources */ = {isa = PBXBuildFile; fileRef = E4B2236C2B927CDD00F9766C /* FilterManager.swift */; };
		E4BA1B232BD8019A002ADDB7 /* VoteManager.swift in Sources */ = {isa = PBXBuildFile; fileRef = E4BA1B222BD8019A002ADDB7 /* VoteManager.swift */; };
		E4BA1B252BD8110D002ADDB7 /* PurchaseManager.swift in Sources */ = {isa = PBXBuildFile; fileRef = E4BA1B242BD8110D002ADDB7 /* PurchaseManager.swift */; };
		E4BA1B272BD8133C002ADDB7 /* PurchaseFailed.swift in Sources */ = {isa = PBXBuildFile; fileRef = E4BA1B262BD8133C002ADDB7 /* PurchaseFailed.swift */; };
		E4CB2C80297893CC00A829AE /* Matches.swift in Sources */ = {isa = PBXBuildFile; fileRef = E4CB2C7F297893CC00A829AE /* Matches.swift */; };
		E4CB2C822979C28700A829AE /* RecipeDetailsView.swift in Sources */ = {isa = PBXBuildFile; fileRef = E4CB2C812979C28700A829AE /* RecipeDetailsView.swift */; };
		E4E305D02B68420F00BA09B6 /* LottieAnimationsView.swift in Sources */ = {isa = PBXBuildFile; fileRef = E4E305CF2B68420F00BA09B6 /* LottieAnimationsView.swift */; };
		E4E305D32B68433300BA09B6 /* Lottie in Frameworks */ = {isa = PBXBuildFile; productRef = E4E305D22B68433300BA09B6 /* Lottie */; };
		E4E305D72B684E2800BA09B6 /* Confetti.json in Resources */ = {isa = PBXBuildFile; fileRef = E4E305D62B684E2800BA09B6 /* Confetti.json */; };
		E4E305D92B69926600BA09B6 /* Category.swift in Sources */ = {isa = PBXBuildFile; fileRef = E4E305D82B69926600BA09B6 /* Category.swift */; };
		E4EA57AA2AF2F04700F5E130 /* RecipeManager.swift in Sources */ = {isa = PBXBuildFile; fileRef = E4EA57A82AF2F04700F5E130 /* RecipeManager.swift */; };
		E4EA57AB2AF2F04700F5E130 /* Recipe.swift in Sources */ = {isa = PBXBuildFile; fileRef = E4EA57A92AF2F04700F5E130 /* Recipe.swift */; };
		E4F176342BBF3FDB0095332E /* Solway-Bold.ttf in Resources */ = {isa = PBXBuildFile; fileRef = E4F1762F2BBF3FDB0095332E /* Solway-Bold.ttf */; };
		E4F176352BBF3FDB0095332E /* Solway-Regular.ttf in Resources */ = {isa = PBXBuildFile; fileRef = E4F176302BBF3FDB0095332E /* Solway-Regular.ttf */; };
		E4F176362BBF3FDB0095332E /* Solway-Medium.ttf in Resources */ = {isa = PBXBuildFile; fileRef = E4F176312BBF3FDB0095332E /* Solway-Medium.ttf */; };
		E4F176372BBF3FDB0095332E /* Solway-ExtraBold.ttf in Resources */ = {isa = PBXBuildFile; fileRef = E4F176322BBF3FDB0095332E /* Solway-ExtraBold.ttf */; };
		E4F176382BBF3FDB0095332E /* Solway-Light.ttf in Resources */ = {isa = PBXBuildFile; fileRef = E4F176332BBF3FDB0095332E /* Solway-Light.ttf */; };
		E4F7ECA32989DF6000996CB3 /* Recipe OLD.swift in Sources */ = {isa = PBXBuildFile; fileRef = E4F7ECA22989DF6000996CB3 /* Recipe OLD.swift */; };
/* End PBXBuildFile section */

/* Begin PBXFileReference section */
		E40B9F2C2BBF33EF0089B500 /* MealSwipe.xcdatamodel */ = {isa = PBXFileReference; lastKnownFileType = wrapper.xcdatamodel; path = MealSwipe.xcdatamodel; sourceTree = "<group>"; };
		E40BCEE22B27F6E300E43CDB /* Extensions.swift */ = {isa = PBXFileReference; lastKnownFileType = sourcecode.swift; path = Extensions.swift; sourceTree = "<group>"; };
		E41D5074297DE372003CD008 /* Webservice.swift */ = {isa = PBXFileReference; lastKnownFileType = sourcecode.swift; path = Webservice.swift; sourceTree = "<group>"; };
		E41D5076297DE959003CD008 /* Household.swift */ = {isa = PBXFileReference; lastKnownFileType = sourcecode.swift; path = Household.swift; sourceTree = "<group>"; };
		E43634F92AD5E9BF007F238F /* CloudSharingController.swift */ = {isa = PBXFileReference; lastKnownFileType = sourcecode.swift; path = CloudSharingController.swift; sourceTree = "<group>"; };
		E43634FB2AD6EFCB007F238F /* ShareHelper OLD.swift */ = {isa = PBXFileReference; lastKnownFileType = sourcecode.swift; path = "ShareHelper OLD.swift"; sourceTree = "<group>"; };
		E439226A29772E8200CC9E53 /* Dinners.app */ = {isa = PBXFileReference; explicitFileType = wrapper.application; includeInIndex = 0; path = Dinners.app; sourceTree = BUILT_PRODUCTS_DIR; };
		E439226D29772E8200CC9E53 /* DinnersApp.swift */ = {isa = PBXFileReference; lastKnownFileType = sourcecode.swift; path = DinnersApp.swift; sourceTree = "<group>"; };
		E439226F29772E8200CC9E53 /* ContentView.swift */ = {isa = PBXFileReference; lastKnownFileType = sourcecode.swift; path = ContentView.swift; sourceTree = "<group>"; };
		E439227129772E8300CC9E53 /* Assets.xcassets */ = {isa = PBXFileReference; lastKnownFileType = folder.assetcatalog; path = Assets.xcassets; sourceTree = "<group>"; };
		E439227329772E8300CC9E53 /* Dinners.entitlements */ = {isa = PBXFileReference; lastKnownFileType = text.plist.entitlements; path = Dinners.entitlements; sourceTree = "<group>"; };
		E439227529772E8300CC9E53 /* Preview Assets.xcassets */ = {isa = PBXFileReference; lastKnownFileType = folder.assetcatalog; path = "Preview Assets.xcassets"; sourceTree = "<group>"; };
		E4512F6C2B5587E3003F9B44 /* Vote.swift */ = {isa = PBXFileReference; lastKnownFileType = sourcecode.swift; path = Vote.swift; sourceTree = "<group>"; };
		E465A710298307D30058B564 /* RecipeCardView.swift */ = {isa = PBXFileReference; lastKnownFileType = sourcecode.swift; path = RecipeCardView.swift; sourceTree = "<group>"; };
		E46CFA542BC59D9100CB8995 /* CannotShare.swift */ = {isa = PBXFileReference; lastKnownFileType = sourcecode.swift; path = CannotShare.swift; sourceTree = "<group>"; };
		E47071ED2B62F53400683E68 /* TabBarView.swift */ = {isa = PBXFileReference; lastKnownFileType = sourcecode.swift; path = TabBarView.swift; sourceTree = "<group>"; };
		E4721EE82BBE052D0081ED36 /* FiltersBar.swift */ = {isa = PBXFileReference; lastKnownFileType = sourcecode.swift; path = FiltersBar.swift; sourceTree = "<group>"; };
		E4875D7F2B192CFA00A192CE /* AppStoreManager.swift */ = {isa = PBXFileReference; lastKnownFileType = sourcecode.swift; path = AppStoreManager.swift; sourceTree = "<group>"; };
		E4875D842B1FB6EC00A192CE /* DinnersStorekitConfig.storekit */ = {isa = PBXFileReference; lastKnownFileType = text; path = DinnersStorekitConfig.storekit; sourceTree = "<group>"; };
		E48CE0AB2B18F47700C296C1 /* Filters.swift */ = {isa = PBXFileReference; lastKnownFileType = sourcecode.swift; path = Filters.swift; sourceTree = "<group>"; };
		E4985E5B2AE6F69800495720 /* User DELETE.swift */ = {isa = PBXFileReference; lastKnownFileType = sourcecode.swift; path = "User DELETE.swift"; sourceTree = "<group>"; };
		E4985E5C2AE6F69800495720 /* User.swift */ = {isa = PBXFileReference; lastKnownFileType = sourcecode.swift; path = User.swift; sourceTree = "<group>"; };
		E49E840F299D88BC003E4E77 /* User OLD.swift */ = {isa = PBXFileReference; lastKnownFileType = sourcecode.swift; path = "User OLD.swift"; sourceTree = "<group>"; };
		E49E8414299EB02C003E4E77 /* DataController.swift */ = {isa = PBXFileReference; lastKnownFileType = sourcecode.swift; path = DataController.swift; sourceTree = "<group>"; };
		E4A2D0832B616CA2006DA764 /* ShareController.swift */ = {isa = PBXFileReference; lastKnownFileType = sourcecode.swift; path = ShareController.swift; sourceTree = "<group>"; };
		E4A504142BC8910C00E4A81F /* GoogleService-Info.plist */ = {isa = PBXFileReference; fileEncoding = 4; lastKnownFileType = text.plist.xml; path = "GoogleService-Info.plist"; sourceTree = "<group>"; };
		E4AB01C02BB5FB65004B115A /* MatchView.swift */ = {isa = PBXFileReference; lastKnownFileType = sourcecode.swift; path = MatchView.swift; sourceTree = "<group>"; };
		E4AB01C22BBDE27B004B115A /* HapticsHelper.swift */ = {isa = PBXFileReference; lastKnownFileType = sourcecode.swift; path = HapticsHelper.swift; sourceTree = "<group>"; };
		E4B13FA72BC04B1F00527B38 /* ShareFailed.swift */ = {isa = PBXFileReference; lastKnownFileType = sourcecode.swift; path = ShareFailed.swift; sourceTree = "<group>"; };
		E4B2236A2B926BD800F9766C /* Purchase.swift */ = {isa = PBXFileReference; lastKnownFileType = sourcecode.swift; path = Purchase.swift; sourceTree = "<group>"; };
		E4B2236C2B927CDD00F9766C /* FilterManager.swift */ = {isa = PBXFileReference; lastKnownFileType = sourcecode.swift; path = FilterManager.swift; sourceTree = "<group>"; };
		E4BA1B222BD8019A002ADDB7 /* VoteManager.swift */ = {isa = PBXFileReference; lastKnownFileType = sourcecode.swift; path = VoteManager.swift; sourceTree = "<group>"; };
		E4BA1B242BD8110D002ADDB7 /* PurchaseManager.swift */ = {isa = PBXFileReference; lastKnownFileType = sourcecode.swift; path = PurchaseManager.swift; sourceTree = "<group>"; };
		E4BA1B262BD8133C002ADDB7 /* PurchaseFailed.swift */ = {isa = PBXFileReference; lastKnownFileType = sourcecode.swift; path = PurchaseFailed.swift; sourceTree = "<group>"; };
		E4CB2C7F297893CC00A829AE /* Matches.swift */ = {isa = PBXFileReference; lastKnownFileType = sourcecode.swift; path = Matches.swift; sourceTree = "<group>"; };
		E4CB2C812979C28700A829AE /* RecipeDetailsView.swift */ = {isa = PBXFileReference; lastKnownFileType = sourcecode.swift; path = RecipeDetailsView.swift; sourceTree = "<group>"; };
		E4E305CF2B68420F00BA09B6 /* LottieAnimationsView.swift */ = {isa = PBXFileReference; lastKnownFileType = sourcecode.swift; path = LottieAnimationsView.swift; sourceTree = "<group>"; };
		E4E305D62B684E2800BA09B6 /* Confetti.json */ = {isa = PBXFileReference; fileEncoding = 4; lastKnownFileType = text.json; path = Confetti.json; sourceTree = "<group>"; };
		E4E305D82B69926600BA09B6 /* Category.swift */ = {isa = PBXFileReference; lastKnownFileType = sourcecode.swift; path = Category.swift; sourceTree = "<group>"; };
		E4EA57A82AF2F04700F5E130 /* RecipeManager.swift */ = {isa = PBXFileReference; lastKnownFileType = sourcecode.swift; path = RecipeManager.swift; sourceTree = "<group>"; };
		E4EA57A92AF2F04700F5E130 /* Recipe.swift */ = {isa = PBXFileReference; lastKnownFileType = sourcecode.swift; path = Recipe.swift; sourceTree = "<group>"; };
		E4F1762F2BBF3FDB0095332E /* Solway-Bold.ttf */ = {isa = PBXFileReference; lastKnownFileType = file; path = "Solway-Bold.ttf"; sourceTree = "<group>"; };
		E4F176302BBF3FDB0095332E /* Solway-Regular.ttf */ = {isa = PBXFileReference; lastKnownFileType = file; path = "Solway-Regular.ttf"; sourceTree = "<group>"; };
		E4F176312BBF3FDB0095332E /* Solway-Medium.ttf */ = {isa = PBXFileReference; lastKnownFileType = file; path = "Solway-Medium.ttf"; sourceTree = "<group>"; };
		E4F176322BBF3FDB0095332E /* Solway-ExtraBold.ttf */ = {isa = PBXFileReference; lastKnownFileType = file; path = "Solway-ExtraBold.ttf"; sourceTree = "<group>"; };
		E4F176332BBF3FDB0095332E /* Solway-Light.ttf */ = {isa = PBXFileReference; lastKnownFileType = file; path = "Solway-Light.ttf"; sourceTree = "<group>"; };
		E4F7ECA22989DF6000996CB3 /* Recipe OLD.swift */ = {isa = PBXFileReference; lastKnownFileType = sourcecode.swift; path = "Recipe OLD.swift"; sourceTree = "<group>"; };
		E4F7ECAD2995B89000996CB3 /* Info.plist */ = {isa = PBXFileReference; lastKnownFileType = text.plist; path = Info.plist; sourceTree = "<group>"; };
/* End PBXFileReference section */

/* Begin PBXFrameworksBuildPhase section */
		E439226729772E8200CC9E53 /* Frameworks */ = {
			isa = PBXFrameworksBuildPhase;
			buildActionMask = 2147483647;
			files = (
				E4A5041C2BC8918200E4A81F /* FirebaseAnalyticsSwift in Frameworks */,
				E4A5041E2BC8918200E4A81F /* FirebaseAnalyticsWithoutAdIdSupport in Frameworks */,
				E4A504182BC8918200E4A81F /* FirebaseAnalytics in Frameworks */,
				E4A5040A2BC88B4500E4A81F /* Bugsnag in Frameworks */,
				E4A504132BC88B5C00E4A81F /* BugsnagPerformanceSwiftUI in Frameworks */,
				E4A504112BC88B5C00E4A81F /* BugsnagPerformanceSwift in Frameworks */,
				E4A5040C2BC88B4500E4A81F /* BugsnagNetworkRequestPlugin in Frameworks */,
				E4E305D32B68433300BA09B6 /* Lottie in Frameworks */,
				E4A5040F2BC88B5C00E4A81F /* BugsnagPerformance in Frameworks */,
				E4A5041A2BC8918200E4A81F /* FirebaseAnalyticsOnDeviceConversion in Frameworks */,
				E4A504202BC8918200E4A81F /* FirebaseAppCheck in Frameworks */,
			);
			runOnlyForDeploymentPostprocessing = 0;
		};
/* End PBXFrameworksBuildPhase section */

/* Begin PBXGroup section */
		E40BCEE42B27F7AB00E43CDB /* Helpers */ = {
			isa = PBXGroup;
			children = (
				E43634FB2AD6EFCB007F238F /* ShareHelper OLD.swift */,
				E4B2236C2B927CDD00F9766C /* FilterManager.swift */,
				E4BA1B222BD8019A002ADDB7 /* VoteManager.swift */,
				E4BA1B242BD8110D002ADDB7 /* PurchaseManager.swift */,
				E4EA57A82AF2F04700F5E130 /* RecipeManager.swift */,
				E4875D7F2B192CFA00A192CE /* AppStoreManager.swift */,
				E4AB01C22BBDE27B004B115A /* HapticsHelper.swift */,
				E40BCEE22B27F6E300E43CDB /* Extensions.swift */,
				E4E305CF2B68420F00BA09B6 /* LottieAnimationsView.swift */,
				E4E305D62B684E2800BA09B6 /* Confetti.json */,
			);
			path = Helpers;
			sourceTree = "<group>";
		};
		E439226129772E8200CC9E53 = {
			isa = PBXGroup;
			children = (
				E439226C29772E8200CC9E53 /* Dinners */,
				E439226B29772E8200CC9E53 /* Products */,
			);
			sourceTree = "<group>";
		};
		E439226B29772E8200CC9E53 /* Products */ = {
			isa = PBXGroup;
			children = (
				E439226A29772E8200CC9E53 /* Dinners.app */,
			);
			name = Products;
			sourceTree = "<group>";
		};
		E439226C29772E8200CC9E53 /* Dinners */ = {
			isa = PBXGroup;
			children = (
				E439226D29772E8200CC9E53 /* DinnersApp.swift */,
				E49E8414299EB02C003E4E77 /* DataController.swift */,
				E41D5074297DE372003CD008 /* Webservice.swift */,
				E4B13FA92BC0509400527B38 /* Menu Tab */,
				E47071ED2B62F53400683E68 /* TabBarView.swift */,
				E4B13FAA2BC050DF00527B38 /* Household Tab */,
				E4CB2C7F297893CC00A829AE /* Matches.swift */,
				E4CB2C812979C28700A829AE /* RecipeDetailsView.swift */,
				E40BCEE42B27F7AB00E43CDB /* Helpers */,
				E4875D842B1FB6EC00A192CE /* DinnersStorekitConfig.storekit */,
				E4985E5F2AE6FD8900495720 /* Models */,
				E4807FA32BBF408F00C6202C /* Fonts */,
				E439227129772E8300CC9E53 /* Assets.xcassets */,
				E439227329772E8300CC9E53 /* Dinners.entitlements */,
				E4F7ECAD2995B89000996CB3 /* Info.plist */,
				E4A504142BC8910C00E4A81F /* GoogleService-Info.plist */,
				E439227429772E8300CC9E53 /* Preview Content */,
			);
			path = Dinners;
			sourceTree = "<group>";
		};
		E439227429772E8300CC9E53 /* Preview Content */ = {
			isa = PBXGroup;
			children = (
				E439227529772E8300CC9E53 /* Preview Assets.xcassets */,
			);
			path = "Preview Content";
			sourceTree = "<group>";
		};
		E4807FA32BBF408F00C6202C /* Fonts */ = {
			isa = PBXGroup;
			children = (
				E4F1762F2BBF3FDB0095332E /* Solway-Bold.ttf */,
				E4F176322BBF3FDB0095332E /* Solway-ExtraBold.ttf */,
				E4F176332BBF3FDB0095332E /* Solway-Light.ttf */,
				E4F176312BBF3FDB0095332E /* Solway-Medium.ttf */,
				E4F176302BBF3FDB0095332E /* Solway-Regular.ttf */,
			);
			path = Fonts;
			sourceTree = "<group>";
		};
		E4985E5F2AE6FD8900495720 /* Models */ = {
			isa = PBXGroup;
			children = (
				E4EA57A92AF2F04700F5E130 /* Recipe.swift */,
				E4E305D82B69926600BA09B6 /* Category.swift */,
				E4B2236A2B926BD800F9766C /* Purchase.swift */,
				E4512F6C2B5587E3003F9B44 /* Vote.swift */,
				E4F7ECA22989DF6000996CB3 /* Recipe OLD.swift */,
				E49E840F299D88BC003E4E77 /* User OLD.swift */,
				E4985E5B2AE6F69800495720 /* User DELETE.swift */,
				E4985E5C2AE6F69800495720 /* User.swift */,
				E40B9F2B2BBF33EF0089B500 /* Dinners.xcdatamodeld */,
			);
			path = Models;
			sourceTree = "<group>";
		};
		E4B13FA92BC0509400527B38 /* Menu Tab */ = {
			isa = PBXGroup;
			children = (
				E439226F29772E8200CC9E53 /* ContentView.swift */,
				E4BA1B262BD8133C002ADDB7 /* PurchaseFailed.swift */,
				E4721EE82BBE052D0081ED36 /* FiltersBar.swift */,
				E48CE0AB2B18F47700C296C1 /* Filters.swift */,
				E4AB01C02BB5FB65004B115A /* MatchView.swift */,
				E465A710298307D30058B564 /* RecipeCardView.swift */,
			);
			path = "Menu Tab";
			sourceTree = "<group>";
		};
		E4B13FAA2BC050DF00527B38 /* Household Tab */ = {
			isa = PBXGroup;
			children = (
				E41D5076297DE959003CD008 /* Household.swift */,
				E46CFA542BC59D9100CB8995 /* CannotShare.swift */,
				E4B13FA72BC04B1F00527B38 /* ShareFailed.swift */,
				E4A2D0832B616CA2006DA764 /* ShareController.swift */,
				E43634F92AD5E9BF007F238F /* CloudSharingController.swift */,
			);
			path = "Household Tab";
			sourceTree = "<group>";
		};
/* End PBXGroup section */

/* Begin PBXNativeTarget section */
		E439226929772E8200CC9E53 /* Dinners */ = {
			isa = PBXNativeTarget;
			buildConfigurationList = E439227929772E8300CC9E53 /* Build configuration list for PBXNativeTarget "Dinners" */;
			buildPhases = (
				E439226629772E8200CC9E53 /* Sources */,
				E439226729772E8200CC9E53 /* Frameworks */,
				E439226829772E8200CC9E53 /* Resources */,
			);
			buildRules = (
			);
			dependencies = (
			);
			name = Dinners;
			packageProductDependencies = (
				E4E305D22B68433300BA09B6 /* Lottie */,
				E4A504092BC88B4500E4A81F /* Bugsnag */,
				E4A5040B2BC88B4500E4A81F /* BugsnagNetworkRequestPlugin */,
				E4A5040E2BC88B5C00E4A81F /* BugsnagPerformance */,
				E4A504102BC88B5C00E4A81F /* BugsnagPerformanceSwift */,
				E4A504122BC88B5C00E4A81F /* BugsnagPerformanceSwiftUI */,
				E4A504172BC8918200E4A81F /* FirebaseAnalytics */,
				E4A504192BC8918200E4A81F /* FirebaseAnalyticsOnDeviceConversion */,
				E4A5041B2BC8918200E4A81F /* FirebaseAnalyticsSwift */,
				E4A5041D2BC8918200E4A81F /* FirebaseAnalyticsWithoutAdIdSupport */,
				E4A5041F2BC8918200E4A81F /* FirebaseAppCheck */,
			);
			productName = FryDay;
			productReference = E439226A29772E8200CC9E53 /* Dinners.app */;
			productType = "com.apple.product-type.application";
		};
/* End PBXNativeTarget section */

/* Begin PBXProject section */
		E439226229772E8200CC9E53 /* Project object */ = {
			isa = PBXProject;
			attributes = {
				BuildIndependentTargetsInParallel = 1;
				LastSwiftUpdateCheck = 1420;
				LastUpgradeCheck = 1420;
				TargetAttributes = {
					E439226929772E8200CC9E53 = {
						CreatedOnToolsVersion = 14.2;
					};
				};
			};
			buildConfigurationList = E439226529772E8200CC9E53 /* Build configuration list for PBXProject "Dinners" */;
			compatibilityVersion = "Xcode 14.0";
			developmentRegion = en;
			hasScannedForEncodings = 0;
			knownRegions = (
				en,
				Base,
			);
			mainGroup = E439226129772E8200CC9E53;
			packageReferences = (
				E4E305D12B68433300BA09B6 /* XCRemoteSwiftPackageReference "lottie-spm" */,
				E4A504082BC88B4500E4A81F /* XCRemoteSwiftPackageReference "bugsnag-cocoa" */,
				E4A5040D2BC88B5C00E4A81F /* XCRemoteSwiftPackageReference "bugsnag-cocoa-performance" */,
				E4A504162BC8918200E4A81F /* XCRemoteSwiftPackageReference "firebase-ios-sdk" */,
			);
			productRefGroup = E439226B29772E8200CC9E53 /* Products */;
			projectDirPath = "";
			projectRoot = "";
			targets = (
				E439226929772E8200CC9E53 /* Dinners */,
			);
		};
/* End PBXProject section */

/* Begin PBXResourcesBuildPhase section */
		E439226829772E8200CC9E53 /* Resources */ = {
			isa = PBXResourcesBuildPhase;
			buildActionMask = 2147483647;
			files = (
				E4F176382BBF3FDB0095332E /* Solway-Light.ttf in Resources */,
				E4F176342BBF3FDB0095332E /* Solway-Bold.ttf in Resources */,
				E4A504152BC8910C00E4A81F /* GoogleService-Info.plist in Resources */,
				E4F176352BBF3FDB0095332E /* Solway-Regular.ttf in Resources */,
				E4F176362BBF3FDB0095332E /* Solway-Medium.ttf in Resources */,
				E4F176372BBF3FDB0095332E /* Solway-ExtraBold.ttf in Resources */,
				E4E305D72B684E2800BA09B6 /* Confetti.json in Resources */,
				E439227629772E8300CC9E53 /* Preview Assets.xcassets in Resources */,
				E439227229772E8300CC9E53 /* Assets.xcassets in Resources */,
			);
			runOnlyForDeploymentPostprocessing = 0;
		};
/* End PBXResourcesBuildPhase section */

/* Begin PBXSourcesBuildPhase section */
		E439226629772E8200CC9E53 /* Sources */ = {
			isa = PBXSourcesBuildPhase;
			buildActionMask = 2147483647;
			files = (
				E4BA1B272BD8133C002ADDB7 /* PurchaseFailed.swift in Sources */,
				E465A711298307D30058B564 /* RecipeCardView.swift in Sources */,
				E4BA1B232BD8019A002ADDB7 /* VoteManager.swift in Sources */,
				E4EA57AA2AF2F04700F5E130 /* RecipeManager.swift in Sources */,
				E4CB2C822979C28700A829AE /* RecipeDetailsView.swift in Sources */,
				E439227029772E8200CC9E53 /* ContentView.swift in Sources */,
				E439226E29772E8200CC9E53 /* DinnersApp.swift in Sources */,
				E4EA57AB2AF2F04700F5E130 /* Recipe.swift in Sources */,
				E41D5077297DE959003CD008 /* Household.swift in Sources */,
				E4B13FA82BC04B1F00527B38 /* ShareFailed.swift in Sources */,
				E49E8415299EB02C003E4E77 /* DataController.swift in Sources */,
				E4985E5D2AE6F69800495720 /* User DELETE.swift in Sources */,
				E4985E5E2AE6F69800495720 /* User.swift in Sources */,
				E49E8410299D88BC003E4E77 /* User OLD.swift in Sources */,
				E41D5075297DE372003CD008 /* Webservice.swift in Sources */,
				E4875D802B192CFA00A192CE /* AppStoreManager.swift in Sources */,
				E46CFA552BC59D9100CB8995 /* CannotShare.swift in Sources */,
				E40B9F2D2BBF33EF0089B500 /* Dinners.xcdatamodeld in Sources */,
				E4CB2C80297893CC00A829AE /* Matches.swift in Sources */,
				E4A2D0842B616CA2006DA764 /* ShareController.swift in Sources */,
				E4512F6D2B5587E3003F9B44 /* Vote.swift in Sources */,
				E4E305D92B69926600BA09B6 /* Category.swift in Sources */,
				E4AB01C12BB5FB65004B115A /* MatchView.swift in Sources */,
				E4B2236D2B927CDD00F9766C /* FilterManager.swift in Sources */,
				E40BCEE32B27F6E300E43CDB /* Extensions.swift in Sources */,
				E4BA1B252BD8110D002ADDB7 /* PurchaseManager.swift in Sources */,
				E4721EE92BBE052D0081ED36 /* FiltersBar.swift in Sources */,
				E43634FA2AD5E9BF007F238F /* CloudSharingController.swift in Sources */,
				E47071EE2B62F53400683E68 /* TabBarView.swift in Sources */,
				E48CE0AC2B18F47700C296C1 /* Filters.swift in Sources */,
				E4F7ECA32989DF6000996CB3 /* Recipe OLD.swift in Sources */,
				E43634FC2AD6EFCB007F238F /* ShareHelper OLD.swift in Sources */,
				E4AB01C32BBDE27B004B115A /* HapticsHelper.swift in Sources */,
				E4B2236B2B926BD900F9766C /* Purchase.swift in Sources */,
				E4E305D02B68420F00BA09B6 /* LottieAnimationsView.swift in Sources */,
			);
			runOnlyForDeploymentPostprocessing = 0;
		};
/* End PBXSourcesBuildPhase section */

/* Begin XCBuildConfiguration section */
		E439227729772E8300CC9E53 /* Debug */ = {
			isa = XCBuildConfiguration;
			buildSettings = {
				ALWAYS_SEARCH_USER_PATHS = NO;
				CLANG_ANALYZER_NONNULL = YES;
				CLANG_ANALYZER_NUMBER_OBJECT_CONVERSION = YES_AGGRESSIVE;
				CLANG_CXX_LANGUAGE_STANDARD = "gnu++20";
				CLANG_ENABLE_MODULES = YES;
				CLANG_ENABLE_OBJC_ARC = YES;
				CLANG_ENABLE_OBJC_WEAK = YES;
				CLANG_WARN_BLOCK_CAPTURE_AUTORELEASING = YES;
				CLANG_WARN_BOOL_CONVERSION = YES;
				CLANG_WARN_COMMA = YES;
				CLANG_WARN_CONSTANT_CONVERSION = YES;
				CLANG_WARN_DEPRECATED_OBJC_IMPLEMENTATIONS = YES;
				CLANG_WARN_DIRECT_OBJC_ISA_USAGE = YES_ERROR;
				CLANG_WARN_DOCUMENTATION_COMMENTS = YES;
				CLANG_WARN_EMPTY_BODY = YES;
				CLANG_WARN_ENUM_CONVERSION = YES;
				CLANG_WARN_INFINITE_RECURSION = YES;
				CLANG_WARN_INT_CONVERSION = YES;
				CLANG_WARN_NON_LITERAL_NULL_CONVERSION = YES;
				CLANG_WARN_OBJC_IMPLICIT_RETAIN_SELF = YES;
				CLANG_WARN_OBJC_LITERAL_CONVERSION = YES;
				CLANG_WARN_OBJC_ROOT_CLASS = YES_ERROR;
				CLANG_WARN_QUOTED_INCLUDE_IN_FRAMEWORK_HEADER = YES;
				CLANG_WARN_RANGE_LOOP_ANALYSIS = YES;
				CLANG_WARN_STRICT_PROTOTYPES = YES;
				CLANG_WARN_SUSPICIOUS_MOVE = YES;
				CLANG_WARN_UNGUARDED_AVAILABILITY = YES_AGGRESSIVE;
				CLANG_WARN_UNREACHABLE_CODE = YES;
				CLANG_WARN__DUPLICATE_METHOD_MATCH = YES;
				COPY_PHASE_STRIP = NO;
				DEBUG_INFORMATION_FORMAT = dwarf;
				ENABLE_STRICT_OBJC_MSGSEND = YES;
				ENABLE_TESTABILITY = YES;
				GCC_C_LANGUAGE_STANDARD = gnu11;
				GCC_DYNAMIC_NO_PIC = NO;
				GCC_NO_COMMON_BLOCKS = YES;
				GCC_OPTIMIZATION_LEVEL = 0;
				GCC_PREPROCESSOR_DEFINITIONS = (
					"DEBUG=1",
					"$(inherited)",
				);
				GCC_WARN_64_TO_32_BIT_CONVERSION = YES;
				GCC_WARN_ABOUT_RETURN_TYPE = YES_ERROR;
				GCC_WARN_UNDECLARED_SELECTOR = YES;
				GCC_WARN_UNINITIALIZED_AUTOS = YES_AGGRESSIVE;
				GCC_WARN_UNUSED_FUNCTION = YES;
				GCC_WARN_UNUSED_VARIABLE = YES;
				MTL_ENABLE_DEBUG_INFO = INCLUDE_SOURCE;
				MTL_FAST_MATH = YES;
				ONLY_ACTIVE_ARCH = YES;
				SWIFT_ACTIVE_COMPILATION_CONDITIONS = DEBUG;
				SWIFT_OPTIMIZATION_LEVEL = "-Onone";
			};
			name = Debug;
		};
		E439227829772E8300CC9E53 /* Release */ = {
			isa = XCBuildConfiguration;
			buildSettings = {
				ALWAYS_SEARCH_USER_PATHS = NO;
				CLANG_ANALYZER_NONNULL = YES;
				CLANG_ANALYZER_NUMBER_OBJECT_CONVERSION = YES_AGGRESSIVE;
				CLANG_CXX_LANGUAGE_STANDARD = "gnu++20";
				CLANG_ENABLE_MODULES = YES;
				CLANG_ENABLE_OBJC_ARC = YES;
				CLANG_ENABLE_OBJC_WEAK = YES;
				CLANG_WARN_BLOCK_CAPTURE_AUTORELEASING = YES;
				CLANG_WARN_BOOL_CONVERSION = YES;
				CLANG_WARN_COMMA = YES;
				CLANG_WARN_CONSTANT_CONVERSION = YES;
				CLANG_WARN_DEPRECATED_OBJC_IMPLEMENTATIONS = YES;
				CLANG_WARN_DIRECT_OBJC_ISA_USAGE = YES_ERROR;
				CLANG_WARN_DOCUMENTATION_COMMENTS = YES;
				CLANG_WARN_EMPTY_BODY = YES;
				CLANG_WARN_ENUM_CONVERSION = YES;
				CLANG_WARN_INFINITE_RECURSION = YES;
				CLANG_WARN_INT_CONVERSION = YES;
				CLANG_WARN_NON_LITERAL_NULL_CONVERSION = YES;
				CLANG_WARN_OBJC_IMPLICIT_RETAIN_SELF = YES;
				CLANG_WARN_OBJC_LITERAL_CONVERSION = YES;
				CLANG_WARN_OBJC_ROOT_CLASS = YES_ERROR;
				CLANG_WARN_QUOTED_INCLUDE_IN_FRAMEWORK_HEADER = YES;
				CLANG_WARN_RANGE_LOOP_ANALYSIS = YES;
				CLANG_WARN_STRICT_PROTOTYPES = YES;
				CLANG_WARN_SUSPICIOUS_MOVE = YES;
				CLANG_WARN_UNGUARDED_AVAILABILITY = YES_AGGRESSIVE;
				CLANG_WARN_UNREACHABLE_CODE = YES;
				CLANG_WARN__DUPLICATE_METHOD_MATCH = YES;
				COPY_PHASE_STRIP = NO;
				DEBUG_INFORMATION_FORMAT = "dwarf-with-dsym";
				ENABLE_NS_ASSERTIONS = NO;
				ENABLE_STRICT_OBJC_MSGSEND = YES;
				GCC_C_LANGUAGE_STANDARD = gnu11;
				GCC_NO_COMMON_BLOCKS = YES;
				GCC_WARN_64_TO_32_BIT_CONVERSION = YES;
				GCC_WARN_ABOUT_RETURN_TYPE = YES_ERROR;
				GCC_WARN_UNDECLARED_SELECTOR = YES;
				GCC_WARN_UNINITIALIZED_AUTOS = YES_AGGRESSIVE;
				GCC_WARN_UNUSED_FUNCTION = YES;
				GCC_WARN_UNUSED_VARIABLE = YES;
				MTL_ENABLE_DEBUG_INFO = NO;
				MTL_FAST_MATH = YES;
				SWIFT_COMPILATION_MODE = wholemodule;
				SWIFT_OPTIMIZATION_LEVEL = "-O";
			};
			name = Release;
		};
		E439227A29772E8300CC9E53 /* Debug */ = {
			isa = XCBuildConfiguration;
			buildSettings = {
				ASSETCATALOG_COMPILER_APPICON_NAME = AppIcon;
				ASSETCATALOG_COMPILER_GLOBAL_ACCENT_COLOR_NAME = AccentColor;
				CODE_SIGN_ENTITLEMENTS = Dinners/Dinners.entitlements;
				"CODE_SIGN_IDENTITY[sdk=macosx*]" = "Apple Development";
				CODE_SIGN_STYLE = Automatic;
				CURRENT_PROJECT_VERSION = 27;
				DEVELOPMENT_ASSET_PATHS = "\"Dinners/Preview Content\"";
				DEVELOPMENT_TEAM = 78U3X38B3F;
				ENABLE_HARDENED_RUNTIME = YES;
				ENABLE_PREVIEWS = YES;
				GENERATE_INFOPLIST_FILE = YES;
				INFOPLIST_FILE = Dinners/Info.plist;
				INFOPLIST_KEY_CFBundleDisplayName = Dinners;
				INFOPLIST_KEY_LSApplicationCategoryType = "public.app-category.food-and-drink";
				"INFOPLIST_KEY_UIApplicationSceneManifest_Generation[sdk=iphoneos*]" = YES;
				"INFOPLIST_KEY_UIApplicationSceneManifest_Generation[sdk=iphonesimulator*]" = YES;
				"INFOPLIST_KEY_UIApplicationSupportsIndirectInputEvents[sdk=iphoneos*]" = YES;
				"INFOPLIST_KEY_UIApplicationSupportsIndirectInputEvents[sdk=iphonesimulator*]" = YES;
				"INFOPLIST_KEY_UILaunchScreen_Generation[sdk=iphoneos*]" = YES;
				"INFOPLIST_KEY_UILaunchScreen_Generation[sdk=iphonesimulator*]" = YES;
				"INFOPLIST_KEY_UIStatusBarStyle[sdk=iphoneos*]" = UIStatusBarStyleDefault;
				"INFOPLIST_KEY_UIStatusBarStyle[sdk=iphonesimulator*]" = UIStatusBarStyleDefault;
				INFOPLIST_KEY_UISupportedInterfaceOrientations_iPad = "UIInterfaceOrientationPortrait UIInterfaceOrientationPortraitUpsideDown UIInterfaceOrientationLandscapeLeft UIInterfaceOrientationLandscapeRight";
				INFOPLIST_KEY_UISupportedInterfaceOrientations_iPhone = "UIInterfaceOrientationPortrait UIInterfaceOrientationLandscapeLeft UIInterfaceOrientationLandscapeRight";
				INFOPLIST_KEY_UIUserInterfaceStyle = Light;
				IPHONEOS_DEPLOYMENT_TARGET = 16.0;
				LD_RUNPATH_SEARCH_PATHS = "@executable_path/Frameworks";
				"LD_RUNPATH_SEARCH_PATHS[sdk=macosx*]" = "@executable_path/../Frameworks";
				MACOSX_DEPLOYMENT_TARGET = 12.6;
				MARKETING_VERSION = 1.0;
				PRODUCT_BUNDLE_IDENTIFIER = com.hellogoodman.friday2;
				PRODUCT_NAME = "$(TARGET_NAME)";
				SDKROOT = auto;
				SUPPORTED_PLATFORMS = "iphoneos iphonesimulator macosx";
				SWIFT_EMIT_LOC_STRINGS = YES;
				SWIFT_VERSION = 5.0;
				TARGETED_DEVICE_FAMILY = "1,2";
			};
			name = Debug;
		};
		E439227B29772E8300CC9E53 /* Release */ = {
			isa = XCBuildConfiguration;
			buildSettings = {
				ASSETCATALOG_COMPILER_APPICON_NAME = AppIcon;
				ASSETCATALOG_COMPILER_GLOBAL_ACCENT_COLOR_NAME = AccentColor;
				CODE_SIGN_ENTITLEMENTS = Dinners/Dinners.entitlements;
				"CODE_SIGN_IDENTITY[sdk=macosx*]" = "Apple Development";
				CODE_SIGN_STYLE = Automatic;
				CURRENT_PROJECT_VERSION = 27;
				DEVELOPMENT_ASSET_PATHS = "\"Dinners/Preview Content\"";
				DEVELOPMENT_TEAM = 78U3X38B3F;
				ENABLE_HARDENED_RUNTIME = YES;
				ENABLE_PREVIEWS = YES;
				GENERATE_INFOPLIST_FILE = YES;
				INFOPLIST_FILE = Dinners/Info.plist;
				INFOPLIST_KEY_CFBundleDisplayName = Dinners;
				INFOPLIST_KEY_LSApplicationCategoryType = "public.app-category.food-and-drink";
				"INFOPLIST_KEY_UIApplicationSceneManifest_Generation[sdk=iphoneos*]" = YES;
				"INFOPLIST_KEY_UIApplicationSceneManifest_Generation[sdk=iphonesimulator*]" = YES;
				"INFOPLIST_KEY_UIApplicationSupportsIndirectInputEvents[sdk=iphoneos*]" = YES;
				"INFOPLIST_KEY_UIApplicationSupportsIndirectInputEvents[sdk=iphonesimulator*]" = YES;
				"INFOPLIST_KEY_UILaunchScreen_Generation[sdk=iphoneos*]" = YES;
				"INFOPLIST_KEY_UILaunchScreen_Generation[sdk=iphonesimulator*]" = YES;
				"INFOPLIST_KEY_UIStatusBarStyle[sdk=iphoneos*]" = UIStatusBarStyleDefault;
				"INFOPLIST_KEY_UIStatusBarStyle[sdk=iphonesimulator*]" = UIStatusBarStyleDefault;
				INFOPLIST_KEY_UISupportedInterfaceOrientations_iPad = "UIInterfaceOrientationPortrait UIInterfaceOrientationPortraitUpsideDown UIInterfaceOrientationLandscapeLeft UIInterfaceOrientationLandscapeRight";
				INFOPLIST_KEY_UISupportedInterfaceOrientations_iPhone = "UIInterfaceOrientationPortrait UIInterfaceOrientationLandscapeLeft UIInterfaceOrientationLandscapeRight";
				INFOPLIST_KEY_UIUserInterfaceStyle = Light;
				IPHONEOS_DEPLOYMENT_TARGET = 16.0;
				LD_RUNPATH_SEARCH_PATHS = "@executable_path/Frameworks";
				"LD_RUNPATH_SEARCH_PATHS[sdk=macosx*]" = "@executable_path/../Frameworks";
				MACOSX_DEPLOYMENT_TARGET = 12.6;
				MARKETING_VERSION = 1.0;
				PRODUCT_BUNDLE_IDENTIFIER = com.hellogoodman.friday2;
				PRODUCT_NAME = "$(TARGET_NAME)";
				SDKROOT = auto;
				SUPPORTED_PLATFORMS = "iphoneos iphonesimulator macosx";
				SWIFT_EMIT_LOC_STRINGS = YES;
				SWIFT_VERSION = 5.0;
				TARGETED_DEVICE_FAMILY = "1,2";
			};
			name = Release;
		};
/* End XCBuildConfiguration section */

/* Begin XCConfigurationList section */
		E439226529772E8200CC9E53 /* Build configuration list for PBXProject "Dinners" */ = {
			isa = XCConfigurationList;
			buildConfigurations = (
				E439227729772E8300CC9E53 /* Debug */,
				E439227829772E8300CC9E53 /* Release */,
			);
			defaultConfigurationIsVisible = 0;
			defaultConfigurationName = Release;
		};
		E439227929772E8300CC9E53 /* Build configuration list for PBXNativeTarget "Dinners" */ = {
			isa = XCConfigurationList;
			buildConfigurations = (
				E439227A29772E8300CC9E53 /* Debug */,
				E439227B29772E8300CC9E53 /* Release */,
			);
			defaultConfigurationIsVisible = 0;
			defaultConfigurationName = Release;
		};
/* End XCConfigurationList section */

/* Begin XCRemoteSwiftPackageReference section */
		E4A504082BC88B4500E4A81F /* XCRemoteSwiftPackageReference "bugsnag-cocoa" */ = {
			isa = XCRemoteSwiftPackageReference;
			repositoryURL = "https://github.com/bugsnag/bugsnag-cocoa";
			requirement = {
				kind = upToNextMajorVersion;
				minimumVersion = 6.28.1;
			};
		};
		E4A5040D2BC88B5C00E4A81F /* XCRemoteSwiftPackageReference "bugsnag-cocoa-performance" */ = {
			isa = XCRemoteSwiftPackageReference;
			repositoryURL = "https://github.com/bugsnag/bugsnag-cocoa-performance";
			requirement = {
				kind = upToNextMajorVersion;
				minimumVersion = 1.5.0;
			};
		};
		E4A504162BC8918200E4A81F /* XCRemoteSwiftPackageReference "firebase-ios-sdk" */ = {
			isa = XCRemoteSwiftPackageReference;
			repositoryURL = "https://github.com/firebase/firebase-ios-sdk";
			requirement = {
				kind = upToNextMajorVersion;
				minimumVersion = 10.24.0;
			};
		};
		E4E305D12B68433300BA09B6 /* XCRemoteSwiftPackageReference "lottie-spm" */ = {
			isa = XCRemoteSwiftPackageReference;
			repositoryURL = "https://github.com/airbnb/lottie-spm.git";
			requirement = {
				kind = upToNextMajorVersion;
				minimumVersion = 4.4.0;
			};
		};
/* End XCRemoteSwiftPackageReference section */

/* Begin XCSwiftPackageProductDependency section */
		E4A504092BC88B4500E4A81F /* Bugsnag */ = {
			isa = XCSwiftPackageProductDependency;
			package = E4A504082BC88B4500E4A81F /* XCRemoteSwiftPackageReference "bugsnag-cocoa" */;
			productName = Bugsnag;
		};
		E4A5040B2BC88B4500E4A81F /* BugsnagNetworkRequestPlugin */ = {
			isa = XCSwiftPackageProductDependency;
			package = E4A504082BC88B4500E4A81F /* XCRemoteSwiftPackageReference "bugsnag-cocoa" */;
			productName = BugsnagNetworkRequestPlugin;
		};
		E4A5040E2BC88B5C00E4A81F /* BugsnagPerformance */ = {
			isa = XCSwiftPackageProductDependency;
			package = E4A5040D2BC88B5C00E4A81F /* XCRemoteSwiftPackageReference "bugsnag-cocoa-performance" */;
			productName = BugsnagPerformance;
		};
		E4A504102BC88B5C00E4A81F /* BugsnagPerformanceSwift */ = {
			isa = XCSwiftPackageProductDependency;
			package = E4A5040D2BC88B5C00E4A81F /* XCRemoteSwiftPackageReference "bugsnag-cocoa-performance" */;
			productName = BugsnagPerformanceSwift;
		};
		E4A504122BC88B5C00E4A81F /* BugsnagPerformanceSwiftUI */ = {
			isa = XCSwiftPackageProductDependency;
			package = E4A5040D2BC88B5C00E4A81F /* XCRemoteSwiftPackageReference "bugsnag-cocoa-performance" */;
			productName = BugsnagPerformanceSwiftUI;
		};
		E4A504172BC8918200E4A81F /* FirebaseAnalytics */ = {
			isa = XCSwiftPackageProductDependency;
			package = E4A504162BC8918200E4A81F /* XCRemoteSwiftPackageReference "firebase-ios-sdk" */;
			productName = FirebaseAnalytics;
		};
		E4A504192BC8918200E4A81F /* FirebaseAnalyticsOnDeviceConversion */ = {
			isa = XCSwiftPackageProductDependency;
			package = E4A504162BC8918200E4A81F /* XCRemoteSwiftPackageReference "firebase-ios-sdk" */;
			productName = FirebaseAnalyticsOnDeviceConversion;
		};
		E4A5041B2BC8918200E4A81F /* FirebaseAnalyticsSwift */ = {
			isa = XCSwiftPackageProductDependency;
			package = E4A504162BC8918200E4A81F /* XCRemoteSwiftPackageReference "firebase-ios-sdk" */;
			productName = FirebaseAnalyticsSwift;
		};
		E4A5041D2BC8918200E4A81F /* FirebaseAnalyticsWithoutAdIdSupport */ = {
			isa = XCSwiftPackageProductDependency;
			package = E4A504162BC8918200E4A81F /* XCRemoteSwiftPackageReference "firebase-ios-sdk" */;
			productName = FirebaseAnalyticsWithoutAdIdSupport;
		};
		E4A5041F2BC8918200E4A81F /* FirebaseAppCheck */ = {
			isa = XCSwiftPackageProductDependency;
			package = E4A504162BC8918200E4A81F /* XCRemoteSwiftPackageReference "firebase-ios-sdk" */;
			productName = FirebaseAppCheck;
		};
		E4E305D22B68433300BA09B6 /* Lottie */ = {
			isa = XCSwiftPackageProductDependency;
			package = E4E305D12B68433300BA09B6 /* XCRemoteSwiftPackageReference "lottie-spm" */;
			productName = Lottie;
		};
/* End XCSwiftPackageProductDependency section */

/* Begin XCVersionGroup section */
		E40B9F2B2BBF33EF0089B500 /* Dinners.xcdatamodeld */ = {
			isa = XCVersionGroup;
			children = (
				E40B9F2C2BBF33EF0089B500 /* MealSwipe.xcdatamodel */,
			);
			currentVersion = E40B9F2C2BBF33EF0089B500 /* MealSwipe.xcdatamodel */;
			path = Dinners.xcdatamodeld;
			sourceTree = "<group>";
			versionGroupType = wrapper.xcdatamodel;
		};
/* End XCVersionGroup section */
	};
	rootObject = E439226229772E8200CC9E53 /* Project object */;
}
